Microsoft Visual Studio Solution File, Format Version 12.00
# Visual Studio Version 17
VisualStudioVersion = 17.14.36327.8 d17.14
MinimumVisualStudioVersion = 10.0.40219.1
Project("{2150E333-8FDC-42A3-9474-1A3956D46DE8}") = "HelloWorld.MATLAB", "HelloWorld.MATLAB", "{66EE48A2-DDEC-4D6A-BB62-8BBFDCB18F14}"
	ProjectSection(SolutionItems) = preProject
		HelloWorld.MATLAB\HelloWorld.m = HelloWorld.MATLAB\HelloWorld.m
	EndProjectSection
EndProject
Project("{2150E333-8FDC-42A3-9474-1A3956D46DE8}") = "HelloWorld.csharp", "HelloWorld.csharp", "{D9716598-26F3-4D3B-B0D5-205632ED47EF}"
EndProject
Project("{9A19103F-16F7-4668-BE54-9A1E7A4F7556}") = "HelloWorld.csharp", "HelloWorld.csharp\HelloWorld.csharp.csproj", "{2370F833-0480-4671-9DF4-EC6EEBFBAB0B}"
EndProject
Project("{2150E333-8FDC-42A3-9474-1A3956D46DE8}") = "Solution Items", "Solution Items", "{1C1664CC-3151-4934-BA2C-BB473F6DE68C}"
	ProjectSection(SolutionItems) = preProject
		README.md = README.md
	EndProjectSection
EndProject
Project("{2150E333-8FDC-42A3-9474-1A3956D46DE8}") = "images", "images", "{FF62D77B-54C2-40D7-81A4-BC70E0D016A9}"
	ProjectSection(SolutionItems) = preProject
		images\MotionAppliedLogo.png = images\MotionAppliedLogo.png
	EndProjectSection
EndProject
Project("{2150E333-8FDC-42A3-9474-1A3956D46DE8}") = "HelloWorld.Python", "HelloWorld.Python", "{02EA681E-C7D8-13C7-8484-4AC65E1B71E8}"
	ProjectSection(SolutionItems) = preProject
		HelloWorld.python\program.py = HelloWorld.python\program.py
		HelloWorld.python\README.md = HelloWorld.python\README.md
		HelloWorld.python\Requirements.txt = HelloWorld.python\Requirements.txt
	EndProjectSection
EndProject
Global
	GlobalSection(SolutionConfigurationPlatforms) = preSolution
		Debug|Any CPU = Debug|Any CPU
		Release|Any CPU = Release|Any CPU
	EndGlobalSection
	GlobalSection(ProjectConfigurationPlatforms) = postSolution
		{2370F833-0480-4671-9DF4-EC6EEBFBAB0B}.Debug|Any CPU.ActiveCfg = Debug|Any CPU
		{2370F833-0480-4671-9DF4-EC6EEBFBAB0B}.Debug|Any CPU.Build.0 = Debug|Any CPU
		{2370F833-0480-4671-9DF4-EC6EEBFBAB0B}.Release|Any CPU.ActiveCfg = Release|Any CPU
		{2370F833-0480-4671-9DF4-EC6EEBFBAB0B}.Release|Any CPU.Build.0 = Release|Any CPU
	EndGlobalSection
	GlobalSection(SolutionProperties) = preSolution
		HideSolutionNode = FALSE
	EndGlobalSection
	GlobalSection(NestedProjects) = preSolution
		{2370F833-0480-4671-9DF4-EC6EEBFBAB0B} = {D9716598-26F3-4D3B-B0D5-205632ED47EF}
	EndGlobalSection
	GlobalSection(ExtensibilityGlobals) = postSolution
		SolutionGuid = {52715758-0BB4-4FE3-A269-1021A43558E9}
	EndGlobalSection
EndGlobal
